// !$*UTF8*$!
{
	archiveVersion = 1;
	classes = {
	};
	objectVersion = 52;
	objects = {

/* Begin PBXBuildFile section */
		6A5175D206EB425DA2FEFB72 /* Pods_RxMemo.framework in Frameworks */ = {isa = PBXBuildFile; fileRef = 6783055B03D2FD84A28C4DE9 /* Pods_RxMemo.framework */; };
		F5616434261193B900C40EA7 /* AppDelegate.swift in Sources */ = {isa = PBXBuildFile; fileRef = F5616433261193B900C40EA7 /* AppDelegate.swift */; };
		F5616436261193B900C40EA7 /* SceneDelegate.swift in Sources */ = {isa = PBXBuildFile; fileRef = F5616435261193B900C40EA7 /* SceneDelegate.swift */; };
		F561643B261193B900C40EA7 /* Main.storyboard in Resources */ = {isa = PBXBuildFile; fileRef = F5616439261193B900C40EA7 /* Main.storyboard */; };
		F561643E261193B900C40EA7 /* RxMemo.xcdatamodeld in Sources */ = {isa = PBXBuildFile; fileRef = F561643C261193B900C40EA7 /* RxMemo.xcdatamodeld */; };
		F5616440261193B900C40EA7 /* Assets.xcassets in Resources */ = {isa = PBXBuildFile; fileRef = F561643F261193B900C40EA7 /* Assets.xcassets */; };
		F5616443261193B900C40EA7 /* LaunchScreen.storyboard in Resources */ = {isa = PBXBuildFile; fileRef = F5616441261193B900C40EA7 /* LaunchScreen.storyboard */; };
		F5616473261195D400C40EA7 /* Memo.swift in Sources */ = {isa = PBXBuildFile; fileRef = F5616472261195D400C40EA7 /* Memo.swift */; };
		F56164762611994200C40EA7 /* MemoStorageType.swift in Sources */ = {isa = PBXBuildFile; fileRef = F56164752611994200C40EA7 /* MemoStorageType.swift */; };
		F561647B261199DA00C40EA7 /* MemoryStorage.swift in Sources */ = {isa = PBXBuildFile; fileRef = F561647A261199DA00C40EA7 /* MemoryStorage.swift */; };
		F561647F26119E0400C40EA7 /* MemoListViewController.swift in Sources */ = {isa = PBXBuildFile; fileRef = F561647E26119E0400C40EA7 /* MemoListViewController.swift */; };
		F561648226119E1E00C40EA7 /* MemoDetailViewController.swift in Sources */ = {isa = PBXBuildFile; fileRef = F561648126119E1E00C40EA7 /* MemoDetailViewController.swift */; };
		F561648526119E3600C40EA7 /* MemoComposeViewController.swift in Sources */ = {isa = PBXBuildFile; fileRef = F561648426119E3600C40EA7 /* MemoComposeViewController.swift */; };
		F561648826119E5D00C40EA7 /* MemoListViewModel.swift in Sources */ = {isa = PBXBuildFile; fileRef = F561648726119E5D00C40EA7 /* MemoListViewModel.swift */; };
		F561648B26119E7A00C40EA7 /* MemoDetailViewModel.swift in Sources */ = {isa = PBXBuildFile; fileRef = F561648A26119E7A00C40EA7 /* MemoDetailViewModel.swift */; };
		F561648E26119E9500C40EA7 /* MemoComposeViewModel.swift in Sources */ = {isa = PBXBuildFile; fileRef = F561648D26119E9500C40EA7 /* MemoComposeViewModel.swift */; };
		F561649126119EBD00C40EA7 /* ViewModelBindableType.swift in Sources */ = {isa = PBXBuildFile; fileRef = F561649026119EBD00C40EA7 /* ViewModelBindableType.swift */; };
		F56164942611AFD100C40EA7 /* TransitionModel.swift in Sources */ = {isa = PBXBuildFile; fileRef = F56164932611AFD100C40EA7 /* TransitionModel.swift */; };
		F56164972611B01200C40EA7 /* Scene.swift in Sources */ = {isa = PBXBuildFile; fileRef = F56164962611B01200C40EA7 /* Scene.swift */; };
		F561649A2611B1D300C40EA7 /* SceneCoordinatorType.swift in Sources */ = {isa = PBXBuildFile; fileRef = F56164992611B1D300C40EA7 /* SceneCoordinatorType.swift */; };
		F561649D2611B25100C40EA7 /* SceneCoordinator.swift in Sources */ = {isa = PBXBuildFile; fileRef = F561649C2611B25100C40EA7 /* SceneCoordinator.swift */; };
/* End PBXBuildFile section */

/* Begin PBXFileReference section */
		2A9D6D69BF6F39E67D1E87E9 /* Pods-RxMemo.release.xcconfig */ = {isa = PBXFileReference; includeInIndex = 1; lastKnownFileType = text.xcconfig; name = "Pods-RxMemo.release.xcconfig"; path = "Target Support Files/Pods-RxMemo/Pods-RxMemo.release.xcconfig"; sourceTree = "<group>"; };
		6783055B03D2FD84A28C4DE9 /* Pods_RxMemo.framework */ = {isa = PBXFileReference; explicitFileType = wrapper.framework; includeInIndex = 0; path = Pods_RxMemo.framework; sourceTree = BUILT_PRODUCTS_DIR; };
		6B6FFE42E2E7C442EDEFDD08 /* Pods-RxMemo.debug.xcconfig */ = {isa = PBXFileReference; includeInIndex = 1; lastKnownFileType = text.xcconfig; name = "Pods-RxMemo.debug.xcconfig"; path = "Target Support Files/Pods-RxMemo/Pods-RxMemo.debug.xcconfig"; sourceTree = "<group>"; };
		F5616430261193B900C40EA7 /* RxMemo.app */ = {isa = PBXFileReference; explicitFileType = wrapper.application; includeInIndex = 0; path = RxMemo.app; sourceTree = BUILT_PRODUCTS_DIR; };
		F5616433261193B900C40EA7 /* AppDelegate.swift */ = {isa = PBXFileReference; lastKnownFileType = sourcecode.swift; path = AppDelegate.swift; sourceTree = "<group>"; };
		F5616435261193B900C40EA7 /* SceneDelegate.swift */ = {isa = PBXFileReference; lastKnownFileType = sourcecode.swift; path = SceneDelegate.swift; sourceTree = "<group>"; };
		F561643A261193B900C40EA7 /* Base */ = {isa = PBXFileReference; lastKnownFileType = file.storyboard; name = Base; path = Base.lproj/Main.storyboard; sourceTree = "<group>"; };
		F561643D261193B900C40EA7 /* RxMemo.xcdatamodel */ = {isa = PBXFileReference; lastKnownFileType = wrapper.xcdatamodel; path = RxMemo.xcdatamodel; sourceTree = "<group>"; };
		F561643F261193B900C40EA7 /* Assets.xcassets */ = {isa = PBXFileReference; lastKnownFileType = folder.assetcatalog; path = Assets.xcassets; sourceTree = "<group>"; };
		F5616442261193B900C40EA7 /* Base */ = {isa = PBXFileReference; lastKnownFileType = file.storyboard; name = Base; path = Base.lproj/LaunchScreen.storyboard; sourceTree = "<group>"; };
		F5616444261193B900C40EA7 /* Info.plist */ = {isa = PBXFileReference; lastKnownFileType = text.plist.xml; path = Info.plist; sourceTree = "<group>"; };
		F5616472261195D400C40EA7 /* Memo.swift */ = {isa = PBXFileReference; lastKnownFileType = sourcecode.swift; path = Memo.swift; sourceTree = "<group>"; };
		F56164752611994200C40EA7 /* MemoStorageType.swift */ = {isa = PBXFileReference; lastKnownFileType = sourcecode.swift; path = MemoStorageType.swift; sourceTree = "<group>"; };
		F561647A261199DA00C40EA7 /* MemoryStorage.swift */ = {isa = PBXFileReference; lastKnownFileType = sourcecode.swift; path = MemoryStorage.swift; sourceTree = "<group>"; };
		F561647E26119E0400C40EA7 /* MemoListViewController.swift */ = {isa = PBXFileReference; lastKnownFileType = sourcecode.swift; path = MemoListViewController.swift; sourceTree = "<group>"; };
		F561648126119E1E00C40EA7 /* MemoDetailViewController.swift */ = {isa = PBXFileReference; lastKnownFileType = sourcecode.swift; path = MemoDetailViewController.swift; sourceTree = "<group>"; };
		F561648426119E3600C40EA7 /* MemoComposeViewController.swift */ = {isa = PBXFileReference; lastKnownFileType = sourcecode.swift; path = MemoComposeViewController.swift; sourceTree = "<group>"; };
		F561648726119E5D00C40EA7 /* MemoListViewModel.swift */ = {isa = PBXFileReference; lastKnownFileType = sourcecode.swift; path = MemoListViewModel.swift; sourceTree = "<group>"; };
		F561648A26119E7A00C40EA7 /* MemoDetailViewModel.swift */ = {isa = PBXFileReference; lastKnownFileType = sourcecode.swift; path = MemoDetailViewModel.swift; sourceTree = "<group>"; };
		F561648D26119E9500C40EA7 /* MemoComposeViewModel.swift */ = {isa = PBXFileReference; lastKnownFileType = sourcecode.swift; path = MemoComposeViewModel.swift; sourceTree = "<group>"; };
		F561649026119EBD00C40EA7 /* ViewModelBindableType.swift */ = {isa = PBXFileReference; lastKnownFileType = sourcecode.swift; path = ViewModelBindableType.swift; sourceTree = "<group>"; };
		F56164932611AFD100C40EA7 /* TransitionModel.swift */ = {isa = PBXFileReference; lastKnownFileType = sourcecode.swift; path = TransitionModel.swift; sourceTree = "<group>"; };
		F56164962611B01200C40EA7 /* Scene.swift */ = {isa = PBXFileReference; lastKnownFileType = sourcecode.swift; path = Scene.swift; sourceTree = "<group>"; };
		F56164992611B1D300C40EA7 /* SceneCoordinatorType.swift */ = {isa = PBXFileReference; lastKnownFileType = sourcecode.swift; path = SceneCoordinatorType.swift; sourceTree = "<group>"; };
		F561649C2611B25100C40EA7 /* SceneCoordinator.swift */ = {isa = PBXFileReference; lastKnownFileType = sourcecode.swift; path = SceneCoordinator.swift; sourceTree = "<group>"; };
/* End PBXFileReference section */

/* Begin PBXFrameworksBuildPhase section */
		F561642D261193B800C40EA7 /* Frameworks */ = {
			isa = PBXFrameworksBuildPhase;
			buildActionMask = 2147483647;
			files = (
				6A5175D206EB425DA2FEFB72 /* Pods_RxMemo.framework in Frameworks */,
			);
			runOnlyForDeploymentPostprocessing = 0;
		};
/* End PBXFrameworksBuildPhase section */

/* Begin PBXGroup section */
		4285F19A2B995AC627DFF23B /* Frameworks */ = {
			isa = PBXGroup;
			children = (
				6783055B03D2FD84A28C4DE9 /* Pods_RxMemo.framework */,
			);
			name = Frameworks;
			sourceTree = "<group>";
		};
		981CB19C05D29D41B8583361 /* Pods */ = {
			isa = PBXGroup;
			children = (
				6B6FFE42E2E7C442EDEFDD08 /* Pods-RxMemo.debug.xcconfig */,
				2A9D6D69BF6F39E67D1E87E9 /* Pods-RxMemo.release.xcconfig */,
			);
			path = Pods;
			sourceTree = "<group>";
		};
		F5616427261193B800C40EA7 = {
			isa = PBXGroup;
			children = (
				F5616432261193B900C40EA7 /* RxMemo */,
				F5616431261193B900C40EA7 /* Products */,
				981CB19C05D29D41B8583361 /* Pods */,
				4285F19A2B995AC627DFF23B /* Frameworks */,
			);
			sourceTree = "<group>";
		};
		F5616431261193B900C40EA7 /* Products */ = {
			isa = PBXGroup;
			children = (
				F5616430261193B900C40EA7 /* RxMemo.app */,
			);
			name = Products;
			sourceTree = "<group>";
		};
		F5616432261193B900C40EA7 /* RxMemo */ = {
			isa = PBXGroup;
			children = (
				F56164702611955B00C40EA7 /* Scene */,
				F561646F2611954D00C40EA7 /* Service */,
				F561646E2611953F00C40EA7 /* ViewModel */,
				F561646D2611953500C40EA7 /* ViewController */,
				F561646C2611952400C40EA7 /* Model */,
				F5616433261193B900C40EA7 /* AppDelegate.swift */,
				F5616435261193B900C40EA7 /* SceneDelegate.swift */,
				F561643F261193B900C40EA7 /* Assets.xcassets */,
				F5616444261193B900C40EA7 /* Info.plist */,
			);
			path = RxMemo;
			sourceTree = "<group>";
		};
		F561646C2611952400C40EA7 /* Model */ = {
			isa = PBXGroup;
			children = (
				F5616472261195D400C40EA7 /* Memo.swift */,
			);
			path = Model;
			sourceTree = "<group>";
		};
		F561646D2611953500C40EA7 /* ViewController */ = {
			isa = PBXGroup;
			children = (
				F5616439261193B900C40EA7 /* Main.storyboard */,
				F5616441261193B900C40EA7 /* LaunchScreen.storyboard */,
				F561647E26119E0400C40EA7 /* MemoListViewController.swift */,
				F561648126119E1E00C40EA7 /* MemoDetailViewController.swift */,
				F561648426119E3600C40EA7 /* MemoComposeViewController.swift */,
				F561649026119EBD00C40EA7 /* ViewModelBindableType.swift */,
			);
			path = ViewController;
			sourceTree = "<group>";
		};
		F561646E2611953F00C40EA7 /* ViewModel */ = {
			isa = PBXGroup;
			children = (
				F561648726119E5D00C40EA7 /* MemoListViewModel.swift */,
				F561648A26119E7A00C40EA7 /* MemoDetailViewModel.swift */,
				F561648D26119E9500C40EA7 /* MemoComposeViewModel.swift */,
			);
			path = ViewModel;
			sourceTree = "<group>";
		};
		F561646F2611954D00C40EA7 /* Service */ = {
			isa = PBXGroup;
			children = (
				F5616479261199C100C40EA7 /* CoreDataStorage */,
				F5616478261199B700C40EA7 /* MemoStorage */,
				F56164752611994200C40EA7 /* MemoStorageType.swift */,
			);
			path = Service;
			sourceTree = "<group>";
		};
		F56164702611955B00C40EA7 /* Scene */ = {
			isa = PBXGroup;
			children = (
				F56164932611AFD100C40EA7 /* TransitionModel.swift */,
				F56164962611B01200C40EA7 /* Scene.swift */,
				F56164992611B1D300C40EA7 /* SceneCoordinatorType.swift */,
				F561649C2611B25100C40EA7 /* SceneCoordinator.swift */,
			);
			path = Scene;
			sourceTree = "<group>";
		};
		F5616478261199B700C40EA7 /* MemoStorage */ = {
			isa = PBXGroup;
			children = (
				F561647A261199DA00C40EA7 /* MemoryStorage.swift */,
			);
			path = MemoStorage;
			sourceTree = "<group>";
		};
		F5616479261199C100C40EA7 /* CoreDataStorage */ = {
			isa = PBXGroup;
			children = (
				F561643C261193B900C40EA7 /* RxMemo.xcdatamodeld */,
			);
			path = CoreDataStorage;
			sourceTree = "<group>";
		};
/* End PBXGroup section */

/* Begin PBXNativeTarget section */
		F561642F261193B800C40EA7 /* RxMemo */ = {
			isa = PBXNativeTarget;
			buildConfigurationList = F5616447261193B900C40EA7 /* Build configuration list for PBXNativeTarget "RxMemo" */;
			buildPhases = (
				D0147304FC6BE52917E6CE59 /* [CP] Check Pods Manifest.lock */,
				F561642C261193B800C40EA7 /* Sources */,
				F561642D261193B800C40EA7 /* Frameworks */,
				F561642E261193B800C40EA7 /* Resources */,
				4E7C43E787554145C82D9C04 /* [CP] Embed Pods Frameworks */,
			);
			buildRules = (
			);
			dependencies = (
			);
			name = RxMemo;
			productName = RxMemo;
			productReference = F5616430261193B900C40EA7 /* RxMemo.app */;
			productType = "com.apple.product-type.application";
		};
/* End PBXNativeTarget section */

/* Begin PBXProject section */
		F5616428261193B800C40EA7 /* Project object */ = {
			isa = PBXProject;
			attributes = {
				LastSwiftUpdateCheck = 1240;
				LastUpgradeCheck = 1240;
				TargetAttributes = {
					F561642F261193B800C40EA7 = {
						CreatedOnToolsVersion = 12.4;
					};
				};
			};
			buildConfigurationList = F561642B261193B800C40EA7 /* Build configuration list for PBXProject "RxMemo" */;
			compatibilityVersion = "Xcode 11.0";
			developmentRegion = en;
			hasScannedForEncodings = 0;
			knownRegions = (
				en,
				Base,
			);
			mainGroup = F5616427261193B800C40EA7;
			productRefGroup = F5616431261193B900C40EA7 /* Products */;
			projectDirPath = "";
			projectRoot = "";
			targets = (
				F561642F261193B800C40EA7 /* RxMemo */,
			);
		};
/* End PBXProject section */

/* Begin PBXResourcesBuildPhase section */
		F561642E261193B800C40EA7 /* Resources */ = {
			isa = PBXResourcesBuildPhase;
			buildActionMask = 2147483647;
			files = (
				F5616443261193B900C40EA7 /* LaunchScreen.storyboard in Resources */,
				F5616440261193B900C40EA7 /* Assets.xcassets in Resources */,
				F561643B261193B900C40EA7 /* Main.storyboard in Resources */,
			);
			runOnlyForDeploymentPostprocessing = 0;
		};
/* End PBXResourcesBuildPhase section */

/* Begin PBXShellScriptBuildPhase section */
		4E7C43E787554145C82D9C04 /* [CP] Embed Pods Frameworks */ = {
			isa = PBXShellScriptBuildPhase;
			buildActionMask = 2147483647;
			files = (
			);
			inputFileListPaths = (
				"${PODS_ROOT}/Target Support Files/Pods-RxMemo/Pods-RxMemo-frameworks-${CONFIGURATION}-input-files.xcfilelist",
			);
			name = "[CP] Embed Pods Frameworks";
			outputFileListPaths = (
				"${PODS_ROOT}/Target Support Files/Pods-RxMemo/Pods-RxMemo-frameworks-${CONFIGURATION}-output-files.xcfilelist",
			);
			runOnlyForDeploymentPostprocessing = 0;
			shellPath = /bin/sh;
			shellScript = "\"${PODS_ROOT}/Target Support Files/Pods-RxMemo/Pods-RxMemo-frameworks.sh\"\n";
			showEnvVarsInLog = 0;
		};
		D0147304FC6BE52917E6CE59 /* [CP] Check Pods Manifest.lock */ = {
			isa = PBXShellScriptBuildPhase;
			buildActionMask = 2147483647;
			files = (
			);
			inputFileListPaths = (
			);
			inputPaths = (
				"${PODS_PODFILE_DIR_PATH}/Podfile.lock",
				"${PODS_ROOT}/Manifest.lock",
			);
			name = "[CP] Check Pods Manifest.lock";
			outputFileListPaths = (
			);
			outputPaths = (
				"$(DERIVED_FILE_DIR)/Pods-RxMemo-checkManifestLockResult.txt",
			);
			runOnlyForDeploymentPostprocessing = 0;
			shellPath = /bin/sh;
			shellScript = "diff \"${PODS_PODFILE_DIR_PATH}/Podfile.lock\" \"${PODS_ROOT}/Manifest.lock\" > /dev/null\nif [ $? != 0 ] ; then\n    # print error to STDERR\n    echo \"error: The sandbox is not in sync with the Podfile.lock. Run 'pod install' or update your CocoaPods installation.\" >&2\n    exit 1\nfi\n# This output is used by Xcode 'outputs' to avoid re-running this script phase.\necho \"SUCCESS\" > \"${SCRIPT_OUTPUT_FILE_0}\"\n";
			showEnvVarsInLog = 0;
		};
/* End PBXShellScriptBuildPhase section */

/* Begin PBXSourcesBuildPhase section */
		F561642C261193B800C40EA7 /* Sources */ = {
			isa = PBXSourcesBuildPhase;
			buildActionMask = 2147483647;
			files = (
				F561647B261199DA00C40EA7 /* MemoryStorage.swift in Sources */,
				F561648E26119E9500C40EA7 /* MemoComposeViewModel.swift in Sources */,
				F561649D2611B25100C40EA7 /* SceneCoordinator.swift in Sources */,
				F56164972611B01200C40EA7 /* Scene.swift in Sources */,
				F561648226119E1E00C40EA7 /* MemoDetailViewController.swift in Sources */,
				F561649126119EBD00C40EA7 /* ViewModelBindableType.swift in Sources */,
				F5616434261193B900C40EA7 /* AppDelegate.swift in Sources */,
				F56164762611994200C40EA7 /* MemoStorageType.swift in Sources */,
				F5616436261193B900C40EA7 /* SceneDelegate.swift in Sources */,
				F561643E261193B900C40EA7 /* RxMemo.xcdatamodeld in Sources */,
				F561649A2611B1D300C40EA7 /* SceneCoordinatorType.swift in Sources */,
				F561648826119E5D00C40EA7 /* MemoListViewModel.swift in Sources */,
				F561648B26119E7A00C40EA7 /* MemoDetailViewModel.swift in Sources */,
				F56164942611AFD100C40EA7 /* TransitionModel.swift in Sources */,
				F561647F26119E0400C40EA7 /* MemoListViewController.swift in Sources */,
				F561648526119E3600C40EA7 /* MemoComposeViewController.swift in Sources */,
				F5616473261195D400C40EA7 /* Memo.swift in Sources */,
			);
			runOnlyForDeploymentPostprocessing = 0;
		};
/* End PBXSourcesBuildPhase section */

/* Begin PBXVariantGroup section */
		F5616439261193B900C40EA7 /* Main.storyboard */ = {
			isa = PBXVariantGroup;
			children = (
				F561643A261193B900C40EA7 /* Base */,
			);
			name = Main.storyboard;
			sourceTree = "<group>";
		};
		F5616441261193B900C40EA7 /* LaunchScreen.storyboard */ = {
			isa = PBXVariantGroup;
			children = (
				F5616442261193B900C40EA7 /* Base */,
			);
			name = LaunchScreen.storyboard;
			sourceTree = "<group>";
		};
/* End PBXVariantGroup section */

/* Begin XCBuildConfiguration section */
		F5616445261193B900C40EA7 /* Debug */ = {
			isa = XCBuildConfiguration;
			buildSettings = {
				ALWAYS_SEARCH_USER_PATHS = NO;
				CLANG_ANALYZER_NONNULL = YES;
				CLANG_ANALYZER_NUMBER_OBJECT_CONVERSION = YES_AGGRESSIVE;
				CLANG_CXX_LANGUAGE_STANDARD = "gnu++14";
				CLANG_CXX_LIBRARY = "libc++";
				CLANG_ENABLE_MODULES = YES;
				CLANG_ENABLE_OBJC_ARC = YES;
				CLANG_ENABLE_OBJC_WEAK = YES;
				CLANG_WARN_BLOCK_CAPTURE_AUTORELEASING = YES;
				CLANG_WARN_BOOL_CONVERSION = YES;
				CLANG_WARN_COMMA = YES;
				CLANG_WARN_CONSTANT_CONVERSION = YES;
				CLANG_WARN_DEPRECATED_OBJC_IMPLEMENTATIONS = YES;
				CLANG_WARN_DIRECT_OBJC_ISA_USAGE = YES_ERROR;
				CLANG_WARN_DOCUMENTATION_COMMENTS = YES;
				CLANG_WARN_EMPTY_BODY = YES;
				CLANG_WARN_ENUM_CONVERSION = YES;
				CLANG_WARN_INFINITE_RECURSION = YES;
				CLANG_WARN_INT_CONVERSION = YES;
				CLANG_WARN_NON_LITERAL_NULL_CONVERSION = YES;
				CLANG_WARN_OBJC_IMPLICIT_RETAIN_SELF = YES;
				CLANG_WARN_OBJC_LITERAL_CONVERSION = YES;
				CLANG_WARN_OBJC_ROOT_CLASS = YES_ERROR;
				CLANG_WARN_QUOTED_INCLUDE_IN_FRAMEWORK_HEADER = YES;
				CLANG_WARN_RANGE_LOOP_ANALYSIS = YES;
				CLANG_WARN_STRICT_PROTOTYPES = YES;
				CLANG_WARN_SUSPICIOUS_MOVE = YES;
				CLANG_WARN_UNGUARDED_AVAILABILITY = YES_AGGRESSIVE;
				CLANG_WARN_UNREACHABLE_CODE = YES;
				CLANG_WARN__DUPLICATE_METHOD_MATCH = YES;
				COPY_PHASE_STRIP = NO;
				DEBUG_INFORMATION_FORMAT = dwarf;
				ENABLE_STRICT_OBJC_MSGSEND = YES;
				ENABLE_TESTABILITY = YES;
				GCC_C_LANGUAGE_STANDARD = gnu11;
				GCC_DYNAMIC_NO_PIC = NO;
				GCC_NO_COMMON_BLOCKS = YES;
				GCC_OPTIMIZATION_LEVEL = 0;
				GCC_PREPROCESSOR_DEFINITIONS = (
					"DEBUG=1",
					"$(inherited)",
				);
				GCC_WARN_64_TO_32_BIT_CONVERSION = YES;
				GCC_WARN_ABOUT_RETURN_TYPE = YES_ERROR;
				GCC_WARN_UNDECLARED_SELECTOR = YES;
				GCC_WARN_UNINITIALIZED_AUTOS = YES_AGGRESSIVE;
				GCC_WARN_UNUSED_FUNCTION = YES;
				GCC_WARN_UNUSED_VARIABLE = YES;
				IPHONEOS_DEPLOYMENT_TARGET = 14.4;
				MTL_ENABLE_DEBUG_INFO = INCLUDE_SOURCE;
				MTL_FAST_MATH = YES;
				ONLY_ACTIVE_ARCH = YES;
				SDKROOT = iphoneos;
				SWIFT_ACTIVE_COMPILATION_CONDITIONS = DEBUG;
				SWIFT_OPTIMIZATION_LEVEL = "-Onone";
			};
			name = Debug;
		};
		F5616446261193B900C40EA7 /* Release */ = {
			isa = XCBuildConfiguration;
			buildSettings = {
				ALWAYS_SEARCH_USER_PATHS = NO;
				CLANG_ANALYZER_NONNULL = YES;
				CLANG_ANALYZER_NUMBER_OBJECT_CONVERSION = YES_AGGRESSIVE;
				CLANG_CXX_LANGUAGE_STANDARD = "gnu++14";
				CLANG_CXX_LIBRARY = "libc++";
				CLANG_ENABLE_MODULES = YES;
				CLANG_ENABLE_OBJC_ARC = YES;
				CLANG_ENABLE_OBJC_WEAK = YES;
				CLANG_WARN_BLOCK_CAPTURE_AUTORELEASING = YES;
				CLANG_WARN_BOOL_CONVERSION = YES;
				CLANG_WARN_COMMA = YES;
				CLANG_WARN_CONSTANT_CONVERSION = YES;
				CLANG_WARN_DEPRECATED_OBJC_IMPLEMENTATIONS = YES;
				CLANG_WARN_DIRECT_OBJC_ISA_USAGE = YES_ERROR;
				CLANG_WARN_DOCUMENTATION_COMMENTS = YES;
				CLANG_WARN_EMPTY_BODY = YES;
				CLANG_WARN_ENUM_CONVERSION = YES;
				CLANG_WARN_INFINITE_RECURSION = YES;
				CLANG_WARN_INT_CONVERSION = YES;
				CLANG_WARN_NON_LITERAL_NULL_CONVERSION = YES;
				CLANG_WARN_OBJC_IMPLICIT_RETAIN_SELF = YES;
				CLANG_WARN_OBJC_LITERAL_CONVERSION = YES;
				CLANG_WARN_OBJC_ROOT_CLASS = YES_ERROR;
				CLANG_WARN_QUOTED_INCLUDE_IN_FRAMEWORK_HEADER = YES;
				CLANG_WARN_RANGE_LOOP_ANALYSIS = YES;
				CLANG_WARN_STRICT_PROTOTYPES = YES;
				CLANG_WARN_SUSPICIOUS_MOVE = YES;
				CLANG_WARN_UNGUARDED_AVAILABILITY = YES_AGGRESSIVE;
				CLANG_WARN_UNREACHABLE_CODE = YES;
				CLANG_WARN__DUPLICATE_METHOD_MATCH = YES;
				COPY_PHASE_STRIP = NO;
				DEBUG_INFORMATION_FORMAT = "dwarf-with-dsym";
				ENABLE_NS_ASSERTIONS = NO;
				ENABLE_STRICT_OBJC_MSGSEND = YES;
				GCC_C_LANGUAGE_STANDARD = gnu11;
				GCC_NO_COMMON_BLOCKS = YES;
				GCC_WARN_64_TO_32_BIT_CONVERSION = YES;
				GCC_WARN_ABOUT_RETURN_TYPE = YES_ERROR;
				GCC_WARN_UNDECLARED_SELECTOR = YES;
				GCC_WARN_UNINITIALIZED_AUTOS = YES_AGGRESSIVE;
				GCC_WARN_UNUSED_FUNCTION = YES;
				GCC_WARN_UNUSED_VARIABLE = YES;
				IPHONEOS_DEPLOYMENT_TARGET = 14.4;
				MTL_ENABLE_DEBUG_INFO = NO;
				MTL_FAST_MATH = YES;
				SDKROOT = iphoneos;
				SWIFT_COMPILATION_MODE = wholemodule;
				SWIFT_OPTIMIZATION_LEVEL = "-O";
				VALIDATE_PRODUCT = YES;
			};
			name = Release;
		};
		F5616448261193B900C40EA7 /* Debug */ = {
			isa = XCBuildConfiguration;
			baseConfigurationReference = 6B6FFE42E2E7C442EDEFDD08 /* Pods-RxMemo.debug.xcconfig */;
			buildSettings = {
				ASSETCATALOG_COMPILER_APPICON_NAME = AppIcon;
				ASSETCATALOG_COMPILER_GLOBAL_ACCENT_COLOR_NAME = AccentColor;
				CODE_SIGN_STYLE = Automatic;
				DEVELOPMENT_TEAM = KA6GCRP38F;
				INFOPLIST_FILE = RxMemo/Info.plist;
				IPHONEOS_DEPLOYMENT_TARGET = 10.0;
				LD_RUNPATH_SEARCH_PATHS = (
					"$(inherited)",
					"@executable_path/Frameworks",
				);
				PRODUCT_BUNDLE_IDENTIFIER = com.MiDASHnT.RxMemo;
				PRODUCT_NAME = "$(TARGET_NAME)";
				SWIFT_VERSION = 5.0;
				TARGETED_DEVICE_FAMILY = "1,2";
			};
			name = Debug;
		};
		F5616449261193B900C40EA7 /* Release */ = {
			isa = XCBuildConfiguration;
			baseConfigurationReference = 2A9D6D69BF6F39E67D1E87E9 /* Pods-RxMemo.release.xcconfig */;
			buildSettings = {
				ASSETCATALOG_COMPILER_APPICON_NAME = AppIcon;
				ASSETCATALOG_COMPILER_GLOBAL_ACCENT_COLOR_NAME = AccentColor;
				CODE_SIGN_STYLE = Automatic;
				DEVELOPMENT_TEAM = KA6GCRP38F;
				INFOPLIST_FILE = RxMemo/Info.plist;
				IPHONEOS_DEPLOYMENT_TARGET = 10.0;
				LD_RUNPATH_SEARCH_PATHS = (
					"$(inherited)",
					"@executable_path/Frameworks",
				);
				PRODUCT_BUNDLE_IDENTIFIER = com.MiDASHnT.RxMemo;
				PRODUCT_NAME = "$(TARGET_NAME)";
				SWIFT_VERSION = 5.0;
				TARGETED_DEVICE_FAMILY = "1,2";
			};
			name = Release;
		};
/* End XCBuildConfiguration section */

/* Begin XCConfigurationList section */
		F561642B261193B800C40EA7 /* Build configuration list for PBXProject "RxMemo" */ = {
			isa = XCConfigurationList;
			buildConfigurations = (
				F5616445261193B900C40EA7 /* Debug */,
				F5616446261193B900C40EA7 /* Release */,
			);
			defaultConfigurationIsVisible = 0;
			defaultConfigurationName = Release;
		};
		F5616447261193B900C40EA7 /* Build configuration list for PBXNativeTarget "RxMemo" */ = {
			isa = XCConfigurationList;
			buildConfigurations = (
				F5616448261193B900C40EA7 /* Debug */,
				F5616449261193B900C40EA7 /* Release */,
			);
			defaultConfigurationIsVisible = 0;
			defaultConfigurationName = Release;
		};
/* End XCConfigurationList section */

/* Begin XCVersionGroup section */
		F561643C261193B900C40EA7 /* RxMemo.xcdatamodeld */ = {
			isa = XCVersionGroup;
			children = (
				F561643D261193B900C40EA7 /* RxMemo.xcdatamodel */,
			);
			currentVersion = F561643D261193B900C40EA7 /* RxMemo.xcdatamodel */;
			path = RxMemo.xcdatamodeld;
			sourceTree = "<group>";
			versionGroupType = wrapper.xcdatamodel;
		};
/* End XCVersionGroup section */
	};
	rootObject = F5616428261193B800C40EA7 /* Project object */;
}
